
Microsoft Visual Studio Solution File, Format Version 12.00
# Visual Studio Version 17
VisualStudioVersion = 17.5.33414.496
MinimumVisualStudioVersion = 10.0.40219.1
Project("{9A19103F-16F7-4668-BE54-9A1E7A4F7556}") = "Development.Assesment.Data", "Development.Assesment.Data\Development.Assesment.Data.csproj", "{C3F80996-B0A9-4BA7-BECD-9A76F24CF2DB}"
EndProject
Project("{9A19103F-16F7-4668-BE54-9A1E7A4F7556}") = "Development.Assesment.API", "Development.Assesment.API\Development.Assesment.API.csproj", "{28E0E990-73C8-498B-8363-396EAEEC027D}"
EndProject
Project("{FAE04EC0-301F-11D3-BF4B-00C04F79EFBC}") = "Development.Assessment.UI", "Development.Assessment.UI\Development.Assessment.UI.csproj", "{2E49E823-902D-499E-85CF-627DC8405BD0}"
EndProject
Global
	GlobalSection(SolutionConfigurationPlatforms) = preSolution
		Debug|Any CPU = Debug|Any CPU
		Release|Any CPU = Release|Any CPU
	EndGlobalSection
	GlobalSection(ProjectConfigurationPlatforms) = postSolution
		{C3F80996-B0A9-4BA7-BECD-9A76F24CF2DB}.Debug|Any CPU.ActiveCfg = Debug|Any CPU
		{C3F80996-B0A9-4BA7-BECD-9A76F24CF2DB}.Debug|Any CPU.Build.0 = Debug|Any CPU
		{C3F80996-B0A9-4BA7-BECD-9A76F24CF2DB}.Release|Any CPU.ActiveCfg = Release|Any CPU
		{C3F80996-B0A9-4BA7-BECD-9A76F24CF2DB}.Release|Any CPU.Build.0 = Release|Any CPU
		{28E0E990-73C8-498B-8363-396EAEEC027D}.Debug|Any CPU.ActiveCfg = Debug|Any CPU
		{28E0E990-73C8-498B-8363-396EAEEC027D}.Debug|Any CPU.Build.0 = Debug|Any CPU
		{28E0E990-73C8-498B-8363-396EAEEC027D}.Release|Any CPU.ActiveCfg = Release|Any CPU
		{28E0E990-73C8-498B-8363-396EAEEC027D}.Release|Any CPU.Build.0 = Release|Any CPU
		{2E49E823-902D-499E-85CF-627DC8405BD0}.Debug|Any CPU.ActiveCfg = Debug|Any CPU
		{2E49E823-902D-499E-85CF-627DC8405BD0}.Debug|Any CPU.Build.0 = Debug|Any CPU
		{2E49E823-902D-499E-85CF-627DC8405BD0}.Release|Any CPU.ActiveCfg = Release|Any CPU
		{2E49E823-902D-499E-85CF-627DC8405BD0}.Release|Any CPU.Build.0 = Release|Any CPU
	EndGlobalSection
	GlobalSection(SolutionProperties) = preSolution
		HideSolutionNode = FALSE
	EndGlobalSection
	GlobalSection(ExtensibilityGlobals) = postSolution
		SolutionGuid = {7861DEFF-2F8D-4DA8-9F7C-C2E0AF59BE89}
	EndGlobalSection
EndGlobal
